github.com/go-sql-driver/mysql v1.5.0/go.mod h1:DCzpHaOWr8IXmIStZouvnhqoel9Qv2LBy8hT2VhHyBg=
github.com/go-sql-driver/mysql v1.6.0 h1:BCTh4TKNUYmOmMUcQ3IipzF5prigylS7XXjEkfCHuOE=
github.com/go-sql-driver/mysql v1.6.0/go.mod h1:DCzpHaOWr8IXmIStZouvnhqoel9Qv2LBy8hT2VhHyBg=
github.com/jinzhu/inflection v1.0.0 h1:K317FqzuhWc8YvSVlFMCCUb36O/S9MCKRDI7QkRKD/E=
github.com/jinzhu/inflection v1.0.0/go.mod h1:h+uFLlag+Qp1Va5pdKtLDYj+kHp5pxUVkryuEj+Srlc=
github.com/jinzhu/now v1.1.1/go.mod h1:d3SSVoowX0Lcu0IBviAWJpolVfI5UJVZZ7cO71lE/z8=
github.com/jinzhu/now v1.1.4 h1:tHnRBy1i5F2Dh8BAFxqFzxKqqvezXrL2OW1TnX+Mlas=
github.com/jinzhu/now v1.1.4/go.mod h1:d3SSVoowX0Lcu0IBviAWJpolVfI5UJVZZ7cO71lE/z8=
gorm.io/driver/mysql v1.0.3/go.mod h1:twGxftLBlFgNVNakL7F+P/x9oYqoymG3YYT8cAfI9oI=
gorm.io/driver/mysql v1.3.3 h1:jXG9ANrwBc4+bMvBcSl8zCfPBaVoPyBEBshA8dA93X8=
gorm.io/driver/mysql v1.3.3/go.mod h1:ChK6AHbHgDCFZyJp0F+BmVGb06PSIoh9uVYKAlRbb2U=
gorm.io/gorm v1.20.4/go.mod h1:0HFTzE/SqkGTzK6TlDPPQbAYCluiVvhzoA1+aVyzenw=
gorm.io/gorm v1.20.11/go.mod h1:0HFTzE/SqkGTzK6TlDPPQbAYCluiVvhzoA1+aVyzenw=
gorm.io/gorm v1.23.1/go.mod h1:l2lP/RyAtc1ynaTjFksBde/O8v9oOGIApu2/xRitmZk=
gorm.io/gorm v1.23.4 h1:1BKWM67O6CflSLcwGQR7ccfmC4ebOxQrTfOQGRE9wjg=
gorm.io/gorm v1.23.4/go.mod h1:l2lP/RyAtc1ynaTjFksBde/O8v9oOGIApu2/xRitmZk=
gorm.io/plugin/dbresolver v1.1.0 h1:cegr4DeprR6SkLIQlKhJLYxH8muFbJ4SmnojXvoeb00=
gorm.io/plugin/dbresolver v1.1.0/go.mod h1:tpImigFAEejCALOttyhWqsy4vfa2Uh/vAUVnL5IRF7Y=
